
Microsoft Visual Studio Solution File, Format Version 12.00
# Visual Studio Version 16
VisualStudioVersion = 16.0.29411.108
MinimumVisualStudioVersion = 10.0.40219.1
Project("{FAE04EC0-301F-11D3-BF4B-00C04F79EFBC}") = "GamingApi", "GamingApi\GamingApi.csproj", "{B9523C4B-93E0-4967-BC8E-3C4C173ECFFB}"
EndProject
Global
	GlobalSection(SolutionConfigurationPlatforms) = preSolution
		Debug|Any CPU = Debug|Any CPU
		Release|Any CPU = Release|Any CPU
	EndGlobalSection
	GlobalSection(ProjectConfigurationPlatforms) = postSolution
		{B9523C4B-93E0-4967-BC8E-3C4C173ECFFB}.Debug|Any CPU.ActiveCfg = Debug|Any CPU
		{B9523C4B-93E0-4967-BC8E-3C4C173ECFFB}.Debug|Any CPU.Build.0 = Debug|Any CPU
		{B9523C4B-93E0-4967-BC8E-3C4C173ECFFB}.Release|Any CPU.ActiveCfg = Release|Any CPU
		{B9523C4B-93E0-4967-BC8E-3C4C173ECFFB}.Release|Any CPU.Build.0 = Release|Any CPU
	EndGlobalSection
	GlobalSection(SolutionProperties) = preSolution
		HideSolutionNode = FALSE
	EndGlobalSection
	GlobalSection(ExtensibilityGlobals) = postSolution
		SolutionGuid = {F90FF383-B3EF-4938-8CE7-5DC3A3FBD58D}
	EndGlobalSection
EndGlobal
